// !$*UTF8*$!
{
	archiveVersion = 1;
	classes = {
	};
	objectVersion = 56;
	objects = {

/* Begin PBXBuildFile section */
		ABCD00000000000000000020 /* ArgusDemoTVApp.swift in Sources */ = {isa = PBXBuildFile; fileRef = ABCD00000000000000000010 /* ArgusDemoTVApp.swift */; };
		ABCD00000000000000000021 /* ContentView.swift in Sources */ = {isa = PBXBuildFile; fileRef = ABCD00000000000000000011 /* ContentView.swift */; };
		ABCD00000000000000000022 /* DemoModel.swift in Sources */ = {isa = PBXBuildFile; fileRef = ABCD00000000000000000012 /* DemoModel.swift */; };
		ABCD00000000000000000023 /* InstrumentationServer.swift in Sources */ = {isa = PBXBuildFile; fileRef = ABCD00000000000000000013 /* InstrumentationServer.swift */; };
/* End PBXBuildFile section */

/* Begin PBXFileReference section */
		ABCD00000000000000000006 /* ArgusDemoTV.app */ = {isa = PBXFileReference; explicitFileType = wrapper.application; includeInIndex = 0; path = ArgusDemoTV.app; sourceTree = BUILT_PRODUCTS_DIR; };
		ABCD00000000000000000010 /* ArgusDemoTVApp.swift */ = {isa = PBXFileReference; lastKnownFileType = sourcecode.swift; path = ArgusDemoTVApp.swift; sourceTree = "<group>"; };
		ABCD00000000000000000011 /* ContentView.swift */ = {isa = PBXFileReference; lastKnownFileType = sourcecode.swift; path = ContentView.swift; sourceTree = "<group>"; };
		ABCD00000000000000000012 /* DemoModel.swift */ = {isa = PBXFileReference; lastKnownFileType = sourcecode.swift; path = DemoModel.swift; sourceTree = "<group>"; };
		ABCD00000000000000000013 /* InstrumentationServer.swift */ = {isa = PBXFileReference; lastKnownFileType = sourcecode.swift; path = InstrumentationServer.swift; sourceTree = "<group>"; };
/* End PBXFileReference section */

/* Begin PBXFrameworksBuildPhase section */
		ABCD00000000000000000008 /* Frameworks */ = {
			isa = PBXFrameworksBuildPhase;
			buildActionMask = 2147483647;
			files = (
			);
			runOnlyForDeploymentPostprocessing = 0;
		};
/* End PBXFrameworksBuildPhase section */

/* Begin PBXGroup section */
		ABCD00000000000000000002 = {
			isa = PBXGroup;
			children = (
				ABCD00000000000000000004 /* ArgusDemoTV */,
				ABCD00000000000000000003 /* Products */,
			);
			sourceTree = "<group>";
		};
		ABCD00000000000000000003 /* Products */ = {
			isa = PBXGroup;
			children = (
				ABCD00000000000000000006 /* ArgusDemoTV.app */,
			);
			name = Products;
			sourceTree = "<group>";
		};
		ABCD00000000000000000004 /* ArgusDemoTV */ = {
			isa = PBXGroup;
			children = (
				ABCD00000000000000000010 /* ArgusDemoTVApp.swift */,
				ABCD00000000000000000011 /* ContentView.swift */,
				ABCD00000000000000000012 /* DemoModel.swift */,
				ABCD00000000000000000013 /* InstrumentationServer.swift */,
			);
			path = ArgusDemoTV;
			sourceTree = "<group>";
		};
/* End PBXGroup section */

/* Begin PBXNativeTarget section */
		ABCD00000000000000000005 /* ArgusDemoTV */ = {
			isa = PBXNativeTarget;
			buildConfigurationList = ABCD0000000000000000000B /* Build configuration list for PBXNativeTarget "ArgusDemoTV" */;
			buildPhases = (
				ABCD00000000000000000007 /* Sources */,
				ABCD00000000000000000008 /* Frameworks */,
				ABCD00000000000000000009 /* Resources */,
			);
			buildRules = (
			);
			dependencies = (
			);
			name = ArgusDemoTV;
			productName = ArgusDemoTV;
			productReference = ABCD00000000000000000006 /* ArgusDemoTV.app */;
			productType = "com.apple.product-type.application";
		};
/* End PBXNativeTarget section */

/* Begin PBXProject section */
		ABCD00000000000000000001 /* Project object */ = {
			isa = PBXProject;
			attributes = {
				BuildIndependentTargetsInParallel = 1;
				LastSwiftUpdateCheck = 1500;
				LastUpgradeCheck = 1500;
				TargetAttributes = {
					ABCD00000000000000000005 = {
						CreatedOnToolsVersion = 15.0;
					};
				};
			};
			buildConfigurationList = ABCD0000000000000000000A /* Build configuration list for PBXProject "ArgusDemoTV" */;
			compatibilityVersion = "Xcode 14.0";
			developmentRegion = en;
			hasScannedForEncodings = 0;
			knownRegions = (
				en,
				Base,
			);
			mainGroup = ABCD00000000000000000002;
			productRefGroup = ABCD00000000000000000003 /* Products */;
			projectDirPath = "";
			projectRoot = "";
			targets = (
				ABCD00000000000000000005 /* ArgusDemoTV */,
			);
		};
/* End PBXProject section */

/* Begin PBXResourcesBuildPhase section */
		ABCD00000000000000000009 /* Resources */ = {
			isa = PBXResourcesBuildPhase;
			buildActionMask = 2147483647;
			files = (
			);
			runOnlyForDeploymentPostprocessing = 0;
		};
/* End PBXResourcesBuildPhase section */

/* Begin PBXSourcesBuildPhase section */
		ABCD00000000000000000007 /* Sources */ = {
			isa = PBXSourcesBuildPhase;
			buildActionMask = 2147483647;
			files = (
				ABCD00000000000000000021 /* ContentView.swift in Sources */,
				ABCD00000000000000000022 /* DemoModel.swift in Sources */,
				ABCD00000000000000000023 /* InstrumentationServer.swift in Sources */,
				ABCD00000000000000000020 /* ArgusDemoTVApp.swift in Sources */,
			);
			runOnlyForDeploymentPostprocessing = 0;
		};
/* End PBXSourcesBuildPhase section */

/* Begin XCBuildConfiguration section */
		ABCD0000000000000000000C /* Debug */ = {
			isa = XCBuildConfiguration;
			buildSettings = {
				ALWAYS_SEARCH_USER_PATHS = NO;
				CLANG_ANALYZER_NONNULL = YES;
				CLANG_ENABLE_MODULES = YES;
				CLANG_ENABLE_OBJC_ARC = YES;
				COPY_PHASE_STRIP = NO;
				DEBUG_INFORMATION_FORMAT = dwarf;
				ENABLE_STRICT_OBJC_MSGSEND = YES;
				ENABLE_TESTABILITY = YES;
				GCC_C_LANGUAGE_STANDARD = gnu17;
				GCC_DYNAMIC_NO_PIC = NO;
				GCC_NO_COMMON_BLOCKS = YES;
				GCC_OPTIMIZATION_LEVEL = 0;
				GCC_PREPROCESSOR_DEFINITIONS = (
					"DEBUG=1",
					"$(inherited)",
				);
				MTL_ENABLE_DEBUG_INFO = INCLUDE_SOURCE;
				MTL_FAST_MATH = YES;
				ONLY_ACTIVE_ARCH = YES;
				SDKROOT = appletvos;
				SWIFT_ACTIVE_COMPILATION_CONDITIONS = "DEBUG $(inherited)";
				SWIFT_OPTIMIZATION_LEVEL = "-Onone";
				TVOS_DEPLOYMENT_TARGET = 17.0;
			};
			name = Debug;
		};
		ABCD0000000000000000000D /* Release */ = {
			isa = XCBuildConfiguration;
			buildSettings = {
				ALWAYS_SEARCH_USER_PATHS = NO;
				CLANG_ANALYZER_NONNULL = YES;
				CLANG_ENABLE_MODULES = YES;
				CLANG_ENABLE_OBJC_ARC = YES;
				COPY_PHASE_STRIP = NO;
				DEBUG_INFORMATION_FORMAT = "dwarf-with-dsym";
				ENABLE_NS_ASSERTIONS = NO;
				ENABLE_STRICT_OBJC_MSGSEND = YES;
				GCC_C_LANGUAGE_STANDARD = gnu17;
				GCC_NO_COMMON_BLOCKS = YES;
				MTL_ENABLE_DEBUG_INFO = NO;
				MTL_FAST_MATH = YES;
				SDKROOT = appletvos;
				SWIFT_COMPILATION_MODE = wholemodule;
				TVOS_DEPLOYMENT_TARGET = 17.0;
				VALIDATE_PRODUCT = YES;
			};
			name = Release;
		};
		ABCD0000000000000000000E /* Debug */ = {
			isa = XCBuildConfiguration;
			buildSettings = {
				ASSETCATALOG_COMPILER_GENERATE_ASSET_SYMBOLS = NO;
				CODE_SIGN_STYLE = Automatic;
				CURRENT_PROJECT_VERSION = 1;
				ENABLE_PREVIEWS = YES;
				GENERATE_INFOPLIST_FILE = YES;
				INFOPLIST_KEY_CFBundleDisplayName = "Argus Demo";
				LD_RUNPATH_SEARCH_PATHS = (
					"$(inherited)",
					"@executable_path/Frameworks",
				);
				MARKETING_VERSION = 1.0.0;
				PRODUCT_BUNDLE_IDENTIFIER = com.argus.demo.tv;
				PRODUCT_NAME = "$(TARGET_NAME)";
				SWIFT_EMIT_LOC_STRINGS = YES;
				SWIFT_VERSION = 5.0;
				TARGETED_DEVICE_FAMILY = 3;
			};
			name = Debug;
		};
		ABCD0000000000000000000F /* Release */ = {
			isa = XCBuildConfiguration;
			buildSettings = {
				ASSETCATALOG_COMPILER_GENERATE_ASSET_SYMBOLS = NO;
				CODE_SIGN_STYLE = Automatic;
				CURRENT_PROJECT_VERSION = 1;
				ENABLE_PREVIEWS = YES;
				GENERATE_INFOPLIST_FILE = YES;
				INFOPLIST_KEY_CFBundleDisplayName = "Argus Demo";
				LD_RUNPATH_SEARCH_PATHS = (
					"$(inherited)",
					"@executable_path/Frameworks",
				);
				MARKETING_VERSION = 1.0.0;
				PRODUCT_BUNDLE_IDENTIFIER = com.argus.demo.tv;
				PRODUCT_NAME = "$(TARGET_NAME)";
				SWIFT_EMIT_LOC_STRINGS = YES;
				SWIFT_VERSION = 5.0;
				TARGETED_DEVICE_FAMILY = 3;
			};
			name = Release;
		};
/* End XCBuildConfiguration section */

/* Begin XCConfigurationList section */
		ABCD0000000000000000000A /* Build configuration list for PBXProject "ArgusDemoTV" */ = {
			isa = XCConfigurationList;
			buildConfigurations = (
				ABCD0000000000000000000C /* Debug */,
				ABCD0000000000000000000D /* Release */,
			);
			defaultConfigurationIsVisible = 0;
			defaultConfigurationName = Release;
		};
		ABCD0000000000000000000B /* Build configuration list for PBXNativeTarget "ArgusDemoTV" */ = {
			isa = XCConfigurationList;
			buildConfigurations = (
				ABCD0000000000000000000E /* Debug */,
				ABCD0000000000000000000F /* Release */,
			);
			defaultConfigurationIsVisible = 0;
			defaultConfigurationName = Release;
		};
/* End XCConfigurationList section */
	};
	rootObject = ABCD00000000000000000001 /* Project object */;
}
